lockfileVersion: 5.4

specifiers:
  '@effect/io': ^0.0.21
  '@fp-ts/core': ^0.0.8
  '@fp-ts/data': ^0.0.16
  '@types/node': ^18.11.9
  typescript: ^4.9.3

dependencies:
  '@effect/io': 0.0.21
  '@fp-ts/core': 0.0.8
  '@fp-ts/data': 0.0.16
  '@types/node': 18.11.9

devDependencies:
  typescript: 4.9.3

packages:

  /@effect/io/0.0.21:
    resolution: {integrity: sha512-xsYbjt5NX82QewWFsscolcO5LSx+pLiQxLkC3KuvsLR6tOqYKOZ0zmp3SBq1H1lwlrpvBhVq6ewydOfSoNIsbQ==}
    dependencies:
      '@effect/printer': 0.1.4
      '@fp-ts/core': 0.0.8
      '@fp-ts/data': 0.0.16
    dev: false

  /@effect/printer/0.1.4:
    resolution: {integrity: sha512-xilOF8IbVG91de5huTvzO7PYZ2naF1LLux98Ci1ygwlVJUcyR52ZS28S+wODy3lbfxN+Q/DOxZODL3vhdjh0Cw==}
    dependencies:
      '@fp-ts/core': 0.0.8
      '@fp-ts/data': 0.0.16
    dev: false

  /@fp-ts/core/0.0.8:
    resolution: {integrity: sha512-TcZnP2Oc5b2eJ949z81sI3wdt9GpFFufwpEb6VOIlTQTucx18xNXPWmKv+1jrDacfdDh6Q8rP9kUSRohRUz5pQ==}
    dev: false

  /@fp-ts/data/0.0.16:
    resolution: {integrity: sha512-pfWpZaFHkWMQZfxoUYawahWKsuDANTgu8g4VSyE3Gv0ChprM+0f455e2i0Jy84Wyd8tumL9Fj4ff8oaCNC5d/g==}
    dependencies:
      '@fp-ts/core': 0.0.8
    dev: false

  /@types/node/18.11.9:
    resolution: {integrity: sha512-CRpX21/kGdzjOpFsZSkcrXMGIBWMGNIHXXBVFSH+ggkftxg+XYP20TESbh+zFvFj3EQOl5byk0HTRn1IL6hbqg==}
    dev: false

  /typescript/4.9.3:
    resolution: {integrity: sha512-CIfGzTelbKNEnLpLdGFgdyKhG23CKdKgQPOBc+OUNrkJ2vr+KSzsSV5kq5iWhEQbok+quxgGzrAtGWCyU7tHnA==}
    engines: {node: '>=4.2.0'}
    hasBin: true
    dev: true
